
Microsoft Visual Studio Solution File, Format Version 12.00
# Visual Studio 15
VisualStudioVersion = 15.0.27004.2006
MinimumVisualStudioVersion = 10.0.40219.1
Project("{FAE04EC0-301F-11D3-BF4B-00C04F79EFBC}") = "Partiality", "Partiality\Partiality.csproj", "{E76BB0EA-DB76-478A-AECA-3E72590ED8CC}"
EndProject
Global
	GlobalSection(SolutionConfigurationPlatforms) = preSolution
		Debug|Any CPU = Debug|Any CPU
		net_3_5_Debug_ReadOnly|Any CPU = net_3_5_Debug_ReadOnly|Any CPU
		net_3_5_Debug|Any CPU = net_3_5_Debug|Any CPU
		net_3_5_Release_ReadOnly|Any CPU = net_3_5_Release_ReadOnly|Any CPU
		net_3_5_Release|Any CPU = net_3_5_Release|Any CPU
		net_4_0_Debug_ReadOnly|Any CPU = net_4_0_Debug_ReadOnly|Any CPU
		net_4_0_Debug|Any CPU = net_4_0_Debug|Any CPU
		net_4_0_Release_ReadOnly|Any CPU = net_4_0_Release_ReadOnly|Any CPU
		net_4_0_Release|Any CPU = net_4_0_Release|Any CPU
		netstandard_Debug_ReadOnly|Any CPU = netstandard_Debug_ReadOnly|Any CPU
		netstandard_Debug|Any CPU = netstandard_Debug|Any CPU
		netstandard_Release_ReadOnly|Any CPU = netstandard_Release_ReadOnly|Any CPU
		netstandard_Release|Any CPU = netstandard_Release|Any CPU
		Release|Any CPU = Release|Any CPU
	EndGlobalSection
	GlobalSection(ProjectConfigurationPlatforms) = postSolution
		{E76BB0EA-DB76-478A-AECA-3E72590ED8CC}.Debug|Any CPU.ActiveCfg = Debug|Any CPU
		{E76BB0EA-DB76-478A-AECA-3E72590ED8CC}.Debug|Any CPU.Build.0 = Debug|Any CPU
		{E76BB0EA-DB76-478A-AECA-3E72590ED8CC}.net_3_5_Debug_ReadOnly|Any CPU.ActiveCfg = Debug|Any CPU
		{E76BB0EA-DB76-478A-AECA-3E72590ED8CC}.net_3_5_Debug_ReadOnly|Any CPU.Build.0 = Debug|Any CPU
		{E76BB0EA-DB76-478A-AECA-3E72590ED8CC}.net_3_5_Debug|Any CPU.ActiveCfg = Debug|Any CPU
		{E76BB0EA-DB76-478A-AECA-3E72590ED8CC}.net_3_5_Debug|Any CPU.Build.0 = Debug|Any CPU
		{E76BB0EA-DB76-478A-AECA-3E72590ED8CC}.net_3_5_Release_ReadOnly|Any CPU.ActiveCfg = Release|Any CPU
		{E76BB0EA-DB76-478A-AECA-3E72590ED8CC}.net_3_5_Release_ReadOnly|Any CPU.Build.0 = Release|Any CPU
		{E76BB0EA-DB76-478A-AECA-3E72590ED8CC}.net_3_5_Release|Any CPU.ActiveCfg = Release|Any CPU
		{E76BB0EA-DB76-478A-AECA-3E72590ED8CC}.net_3_5_Release|Any CPU.Build.0 = Release|Any CPU
		{E76BB0EA-DB76-478A-AECA-3E72590ED8CC}.net_4_0_Debug_ReadOnly|Any CPU.ActiveCfg = Debug|Any CPU
		{E76BB0EA-DB76-478A-AECA-3E72590ED8CC}.net_4_0_Debug_ReadOnly|Any CPU.Build.0 = Debug|Any CPU
		{E76BB0EA-DB76-478A-AECA-3E72590ED8CC}.net_4_0_Debug|Any CPU.ActiveCfg = Debug|Any CPU
		{E76BB0EA-DB76-478A-AECA-3E72590ED8CC}.net_4_0_Debug|Any CPU.Build.0 = Debug|Any CPU
		{E76BB0EA-DB76-478A-AECA-3E72590ED8CC}.net_4_0_Release_ReadOnly|Any CPU.ActiveCfg = Release|Any CPU
		{E76BB0EA-DB76-478A-AECA-3E72590ED8CC}.net_4_0_Release_ReadOnly|Any CPU.Build.0 = Release|Any CPU
		{E76BB0EA-DB76-478A-AECA-3E72590ED8CC}.net_4_0_Release|Any CPU.ActiveCfg = Release|Any CPU
		{E76BB0EA-DB76-478A-AECA-3E72590ED8CC}.net_4_0_Release|Any CPU.Build.0 = Release|Any CPU
		{E76BB0EA-DB76-478A-AECA-3E72590ED8CC}.netstandard_Debug_ReadOnly|Any CPU.ActiveCfg = Debug|Any CPU
		{E76BB0EA-DB76-478A-AECA-3E72590ED8CC}.netstandard_Debug_ReadOnly|Any CPU.Build.0 = Debug|Any CPU
		{E76BB0EA-DB76-478A-AECA-3E72590ED8CC}.netstandard_Debug|Any CPU.ActiveCfg = Debug|Any CPU
		{E76BB0EA-DB76-478A-AECA-3E72590ED8CC}.netstandard_Debug|Any CPU.Build.0 = Debug|Any CPU
		{E76BB0EA-DB76-478A-AECA-3E72590ED8CC}.netstandard_Release_ReadOnly|Any CPU.ActiveCfg = Release|Any CPU
		{E76BB0EA-DB76-478A-AECA-3E72590ED8CC}.netstandard_Release_ReadOnly|Any CPU.Build.0 = Release|Any CPU
		{E76BB0EA-DB76-478A-AECA-3E72590ED8CC}.netstandard_Release|Any CPU.ActiveCfg = Release|Any CPU
		{E76BB0EA-DB76-478A-AECA-3E72590ED8CC}.netstandard_Release|Any CPU.Build.0 = Release|Any CPU
		{E76BB0EA-DB76-478A-AECA-3E72590ED8CC}.Release|Any CPU.ActiveCfg = Release|Any CPU
		{E76BB0EA-DB76-478A-AECA-3E72590ED8CC}.Release|Any CPU.Build.0 = Release|Any CPU
	EndGlobalSection
	GlobalSection(SolutionProperties) = preSolution
		HideSolutionNode = FALSE
	EndGlobalSection
	GlobalSection(ExtensibilityGlobals) = postSolution
		SolutionGuid = {483ECC4F-57E2-4219-A44A-82A3E24B413F}
	EndGlobalSection
EndGlobal
